
Microsoft Visual Studio Solution File, Format Version 12.00
# Visual Studio Version 16
VisualStudioVersion = 16.0.30413.136
MinimumVisualStudioVersion = 15.0.26124.0
Project("{2150E333-8FDC-42A3-9474-1A3956D46DE8}") = "Libraries", "Libraries", "{6797F442-05C7-4036-BDDB-26A1ED554E0E}"
EndProject
Project("{9A19103F-16F7-4668-BE54-9A1E7A4F7556}") = "Model", "Libraries\Model\Model.csproj", "{4900E08B-75EB-40BB-B067-AB1B3A9A103C}"
EndProject
Project("{9A19103F-16F7-4668-BE54-9A1E7A4F7556}") = "Service", "Libraries\Service\Service.csproj", "{E65A1BC0-A036-4126-B3AF-3E7C5185A524}"
EndProject
Project("{9A19103F-16F7-4668-BE54-9A1E7A4F7556}") = "Dto", "Libraries\Dto\Dto.csproj", "{A35BD279-ECFD-4064-BD11-9495672A180E}"
EndProject
Project("{9A19103F-16F7-4668-BE54-9A1E7A4F7556}") = "Core", "Libraries\Core\Core.csproj", "{A59F76DA-FA7B-4A6D-859F-EA9185340175}"
EndProject
Project("{9A19103F-16F7-4668-BE54-9A1E7A4F7556}") = "Repository", "Libraries\Repository\Repository.csproj", "{21753D80-AB0F-4F71-BEEC-59FE0334B8CB}"
EndProject
Project("{9A19103F-16F7-4668-BE54-9A1E7A4F7556}") = "Utility", "Libraries\Utility\Utility.csproj", "{40A9BE25-AFB3-450C-A57E-C48720285695}"
EndProject
Project("{9A19103F-16F7-4668-BE54-9A1E7A4F7556}") = "SiteMaster", "SiteMaster\SiteMaster.csproj", "{4CB67274-7D78-4E6B-B2E0-DCBC36EC5679}"
EndProject
Project("{9A19103F-16F7-4668-BE54-9A1E7A4F7556}") = "LIMSPublicInterface", "LIMSPublicInterface\LIMSPublicInterface.csproj", "{E3C7DEEE-CA53-4763-B413-E493621568EA}"
EndProject
Project("{9A19103F-16F7-4668-BE54-9A1E7A4F7556}") = "NewLandAcquisition", "NewLandAcquisition\NewLandAcquisition.csproj", "{5996C9B1-6ED9-4A34-9EB9-E619AC1A5FD0}"
EndProject
Project("{9A19103F-16F7-4668-BE54-9A1E7A4F7556}") = "EncroachmentDemolition", "EncroachmentDemolition\EncroachmentDemolition.csproj", "{35C2F029-B0F5-49AC-ABF6-92F8FD83B6BE}"
EndProject
Project("{9A19103F-16F7-4668-BE54-9A1E7A4F7556}") = "AcquiredLandInformationManagement", "AcquiredLandInformationManagement\AcquiredLandInformationManagement.csproj", "{B6E841A7-24A4-4483-A230-93B436B4849B}"
EndProject
Project("{9A19103F-16F7-4668-BE54-9A1E7A4F7556}") = "LandInventory", "LandInventory\LandInventory.csproj", "{2DC6C0EE-2F5B-4116-864A-CDB84B06D82A}"
EndProject
Project("{9A19103F-16F7-4668-BE54-9A1E7A4F7556}") = "LandTransfer", "LandTransfer\LandTransfer.csproj", "{4090647C-F43C-4AF4-9F49-F6A0B1A42EC1}"
EndProject
Project("{9A19103F-16F7-4668-BE54-9A1E7A4F7556}") = "CourtCasesManagement", "CourtCasesManagement\CourtCasesManagement.csproj", "{F6779106-652A-493C-8C57-D3BB249D0297}"
EndProject
Project("{9A19103F-16F7-4668-BE54-9A1E7A4F7556}") = "FileDataLoading", "FileDataLoading\FileDataLoading.csproj", "{BE2910C1-B5B7-484D-91DB-66616B8575B1}"
EndProject
Project("{9A19103F-16F7-4668-BE54-9A1E7A4F7556}") = "DocumentManagementSystem", "DocumentManagementSystem\DocumentManagementSystem.csproj", "{C98F4396-2C1F-43EC-A54A-39F9A991E0DC}"
EndProject
Project("{9A19103F-16F7-4668-BE54-9A1E7A4F7556}") = "DamagePayee", "DamagePayee\DamagePayee.csproj", "{73DF8383-AAD7-4980-997D-6917CF122FB1}"
EndProject
Project("{9A19103F-16F7-4668-BE54-9A1E7A4F7556}") = "Notification", "Libraries\Notification\Notification.csproj", "{40FE5EF8-7447-461B-82AB-DD6FE715EF05}"
EndProject
Project("{9A19103F-16F7-4668-BE54-9A1E7A4F7556}") = "AuthServer", "AuthServer\AuthServer.csproj", "{A07881E6-3A40-4CD5-A1EA-11DB1BBE3097}"
EndProject
Project("{9A19103F-16F7-4668-BE54-9A1E7A4F7556}") = "LandingPage", "LandingPage\LandingPage.csproj", "{81AC83B3-6FB7-413B-843D-8A9D2A2A2FFC}"
EndProject
Project("{9A19103F-16F7-4668-BE54-9A1E7A4F7556}") = "DamagePayeePublicInterface", "DamagePayeePublicInterface\DamagePayeePublicInterface.csproj", "{AE65A948-E63F-401A-BB75-5E08700601BB}"
EndProject
Project("{9A19103F-16F7-4668-BE54-9A1E7A4F7556}") = "GIS", "GIS\GIS.csproj", "{4179D057-34C9-4DF7-806C-5C787CB84DFC}"
EndProject
Project("{FAE04EC0-301F-11D3-BF4B-00C04F79EFBC}") = "LeaseDetails", "LeaseDetails\LeaseDetails.csproj", "{59DD9E92-9EDC-428F-88B0-2966356A279C}"
EndProject
Global
	GlobalSection(SolutionConfigurationPlatforms) = preSolution
		Debug|Any CPU = Debug|Any CPU
		Debug|x64 = Debug|x64
		Debug|x86 = Debug|x86
		Release|Any CPU = Release|Any CPU
		Release|x64 = Release|x64
		Release|x86 = Release|x86
	EndGlobalSection
	GlobalSection(ProjectConfigurationPlatforms) = postSolution
		{4900E08B-75EB-40BB-B067-AB1B3A9A103C}.Debug|Any CPU.ActiveCfg = Debug|Any CPU
		{4900E08B-75EB-40BB-B067-AB1B3A9A103C}.Debug|Any CPU.Build.0 = Debug|Any CPU
		{4900E08B-75EB-40BB-B067-AB1B3A9A103C}.Debug|x64.ActiveCfg = Debug|Any CPU
		{4900E08B-75EB-40BB-B067-AB1B3A9A103C}.Debug|x64.Build.0 = Debug|Any CPU
		{4900E08B-75EB-40BB-B067-AB1B3A9A103C}.Debug|x86.ActiveCfg = Debug|Any CPU
		{4900E08B-75EB-40BB-B067-AB1B3A9A103C}.Debug|x86.Build.0 = Debug|Any CPU
		{4900E08B-75EB-40BB-B067-AB1B3A9A103C}.Release|Any CPU.ActiveCfg = Release|Any CPU
		{4900E08B-75EB-40BB-B067-AB1B3A9A103C}.Release|Any CPU.Build.0 = Release|Any CPU
		{4900E08B-75EB-40BB-B067-AB1B3A9A103C}.Release|x64.ActiveCfg = Release|Any CPU
		{4900E08B-75EB-40BB-B067-AB1B3A9A103C}.Release|x64.Build.0 = Release|Any CPU
		{4900E08B-75EB-40BB-B067-AB1B3A9A103C}.Release|x86.ActiveCfg = Release|Any CPU
		{4900E08B-75EB-40BB-B067-AB1B3A9A103C}.Release|x86.Build.0 = Release|Any CPU
		{E65A1BC0-A036-4126-B3AF-3E7C5185A524}.Debug|Any CPU.ActiveCfg = Debug|Any CPU
		{E65A1BC0-A036-4126-B3AF-3E7C5185A524}.Debug|Any CPU.Build.0 = Debug|Any CPU
		{E65A1BC0-A036-4126-B3AF-3E7C5185A524}.Debug|x64.ActiveCfg = Debug|Any CPU
		{E65A1BC0-A036-4126-B3AF-3E7C5185A524}.Debug|x64.Build.0 = Debug|Any CPU
		{E65A1BC0-A036-4126-B3AF-3E7C5185A524}.Debug|x86.ActiveCfg = Debug|Any CPU
		{E65A1BC0-A036-4126-B3AF-3E7C5185A524}.Debug|x86.Build.0 = Debug|Any CPU
		{E65A1BC0-A036-4126-B3AF-3E7C5185A524}.Release|Any CPU.ActiveCfg = Release|Any CPU
		{E65A1BC0-A036-4126-B3AF-3E7C5185A524}.Release|Any CPU.Build.0 = Release|Any CPU
		{E65A1BC0-A036-4126-B3AF-3E7C5185A524}.Release|x64.ActiveCfg = Release|Any CPU
		{E65A1BC0-A036-4126-B3AF-3E7C5185A524}.Release|x64.Build.0 = Release|Any CPU
		{E65A1BC0-A036-4126-B3AF-3E7C5185A524}.Release|x86.ActiveCfg = Release|Any CPU
		{E65A1BC0-A036-4126-B3AF-3E7C5185A524}.Release|x86.Build.0 = Release|Any CPU
		{A35BD279-ECFD-4064-BD11-9495672A180E}.Debug|Any CPU.ActiveCfg = Debug|Any CPU
		{A35BD279-ECFD-4064-BD11-9495672A180E}.Debug|Any CPU.Build.0 = Debug|Any CPU
		{A35BD279-ECFD-4064-BD11-9495672A180E}.Debug|x64.ActiveCfg = Debug|Any CPU
		{A35BD279-ECFD-4064-BD11-9495672A180E}.Debug|x64.Build.0 = Debug|Any CPU
		{A35BD279-ECFD-4064-BD11-9495672A180E}.Debug|x86.ActiveCfg = Debug|Any CPU
		{A35BD279-ECFD-4064-BD11-9495672A180E}.Debug|x86.Build.0 = Debug|Any CPU
		{A35BD279-ECFD-4064-BD11-9495672A180E}.Release|Any CPU.ActiveCfg = Release|Any CPU
		{A35BD279-ECFD-4064-BD11-9495672A180E}.Release|Any CPU.Build.0 = Release|Any CPU
		{A35BD279-ECFD-4064-BD11-9495672A180E}.Release|x64.ActiveCfg = Release|Any CPU
		{A35BD279-ECFD-4064-BD11-9495672A180E}.Release|x64.Build.0 = Release|Any CPU
		{A35BD279-ECFD-4064-BD11-9495672A180E}.Release|x86.ActiveCfg = Release|Any CPU
		{A35BD279-ECFD-4064-BD11-9495672A180E}.Release|x86.Build.0 = Release|Any CPU
		{A59F76DA-FA7B-4A6D-859F-EA9185340175}.Debug|Any CPU.ActiveCfg = Debug|Any CPU
		{A59F76DA-FA7B-4A6D-859F-EA9185340175}.Debug|Any CPU.Build.0 = Debug|Any CPU
		{A59F76DA-FA7B-4A6D-859F-EA9185340175}.Debug|x64.ActiveCfg = Debug|Any CPU
		{A59F76DA-FA7B-4A6D-859F-EA9185340175}.Debug|x64.Build.0 = Debug|Any CPU
		{A59F76DA-FA7B-4A6D-859F-EA9185340175}.Debug|x86.ActiveCfg = Debug|Any CPU
		{A59F76DA-FA7B-4A6D-859F-EA9185340175}.Debug|x86.Build.0 = Debug|Any CPU
		{A59F76DA-FA7B-4A6D-859F-EA9185340175}.Release|Any CPU.ActiveCfg = Release|Any CPU
		{A59F76DA-FA7B-4A6D-859F-EA9185340175}.Release|Any CPU.Build.0 = Release|Any CPU
		{A59F76DA-FA7B-4A6D-859F-EA9185340175}.Release|x64.ActiveCfg = Release|Any CPU
		{A59F76DA-FA7B-4A6D-859F-EA9185340175}.Release|x64.Build.0 = Release|Any CPU
		{A59F76DA-FA7B-4A6D-859F-EA9185340175}.Release|x86.ActiveCfg = Release|Any CPU
		{A59F76DA-FA7B-4A6D-859F-EA9185340175}.Release|x86.Build.0 = Release|Any CPU
		{21753D80-AB0F-4F71-BEEC-59FE0334B8CB}.Debug|Any CPU.ActiveCfg = Debug|Any CPU
		{21753D80-AB0F-4F71-BEEC-59FE0334B8CB}.Debug|Any CPU.Build.0 = Debug|Any CPU
		{21753D80-AB0F-4F71-BEEC-59FE0334B8CB}.Debug|x64.ActiveCfg = Debug|Any CPU
		{21753D80-AB0F-4F71-BEEC-59FE0334B8CB}.Debug|x64.Build.0 = Debug|Any CPU
		{21753D80-AB0F-4F71-BEEC-59FE0334B8CB}.Debug|x86.ActiveCfg = Debug|Any CPU
		{21753D80-AB0F-4F71-BEEC-59FE0334B8CB}.Debug|x86.Build.0 = Debug|Any CPU
		{21753D80-AB0F-4F71-BEEC-59FE0334B8CB}.Release|Any CPU.ActiveCfg = Release|Any CPU
		{21753D80-AB0F-4F71-BEEC-59FE0334B8CB}.Release|Any CPU.Build.0 = Release|Any CPU
		{21753D80-AB0F-4F71-BEEC-59FE0334B8CB}.Release|x64.ActiveCfg = Release|Any CPU
		{21753D80-AB0F-4F71-BEEC-59FE0334B8CB}.Release|x64.Build.0 = Release|Any CPU
		{21753D80-AB0F-4F71-BEEC-59FE0334B8CB}.Release|x86.ActiveCfg = Release|Any CPU
		{21753D80-AB0F-4F71-BEEC-59FE0334B8CB}.Release|x86.Build.0 = Release|Any CPU
		{40A9BE25-AFB3-450C-A57E-C48720285695}.Debug|Any CPU.ActiveCfg = Debug|Any CPU
		{40A9BE25-AFB3-450C-A57E-C48720285695}.Debug|Any CPU.Build.0 = Debug|Any CPU
		{40A9BE25-AFB3-450C-A57E-C48720285695}.Debug|x64.ActiveCfg = Debug|Any CPU
		{40A9BE25-AFB3-450C-A57E-C48720285695}.Debug|x64.Build.0 = Debug|Any CPU
		{40A9BE25-AFB3-450C-A57E-C48720285695}.Debug|x86.ActiveCfg = Debug|Any CPU
		{40A9BE25-AFB3-450C-A57E-C48720285695}.Debug|x86.Build.0 = Debug|Any CPU
		{40A9BE25-AFB3-450C-A57E-C48720285695}.Release|Any CPU.ActiveCfg = Release|Any CPU
		{40A9BE25-AFB3-450C-A57E-C48720285695}.Release|Any CPU.Build.0 = Release|Any CPU
		{40A9BE25-AFB3-450C-A57E-C48720285695}.Release|x64.ActiveCfg = Release|Any CPU
		{40A9BE25-AFB3-450C-A57E-C48720285695}.Release|x64.Build.0 = Release|Any CPU
		{40A9BE25-AFB3-450C-A57E-C48720285695}.Release|x86.ActiveCfg = Release|Any CPU
		{40A9BE25-AFB3-450C-A57E-C48720285695}.Release|x86.Build.0 = Release|Any CPU
		{4CB67274-7D78-4E6B-B2E0-DCBC36EC5679}.Debug|Any CPU.ActiveCfg = Debug|Any CPU
		{4CB67274-7D78-4E6B-B2E0-DCBC36EC5679}.Debug|Any CPU.Build.0 = Debug|Any CPU
		{4CB67274-7D78-4E6B-B2E0-DCBC36EC5679}.Debug|x64.ActiveCfg = Debug|Any CPU
		{4CB67274-7D78-4E6B-B2E0-DCBC36EC5679}.Debug|x64.Build.0 = Debug|Any CPU
		{4CB67274-7D78-4E6B-B2E0-DCBC36EC5679}.Debug|x86.ActiveCfg = Debug|Any CPU
		{4CB67274-7D78-4E6B-B2E0-DCBC36EC5679}.Debug|x86.Build.0 = Debug|Any CPU
		{4CB67274-7D78-4E6B-B2E0-DCBC36EC5679}.Release|Any CPU.ActiveCfg = Release|Any CPU
		{4CB67274-7D78-4E6B-B2E0-DCBC36EC5679}.Release|Any CPU.Build.0 = Release|Any CPU
		{4CB67274-7D78-4E6B-B2E0-DCBC36EC5679}.Release|x64.ActiveCfg = Release|Any CPU
		{4CB67274-7D78-4E6B-B2E0-DCBC36EC5679}.Release|x64.Build.0 = Release|Any CPU
		{4CB67274-7D78-4E6B-B2E0-DCBC36EC5679}.Release|x86.ActiveCfg = Release|Any CPU
		{4CB67274-7D78-4E6B-B2E0-DCBC36EC5679}.Release|x86.Build.0 = Release|Any CPU
		{E3C7DEEE-CA53-4763-B413-E493621568EA}.Debug|Any CPU.ActiveCfg = Debug|Any CPU
		{E3C7DEEE-CA53-4763-B413-E493621568EA}.Debug|Any CPU.Build.0 = Debug|Any CPU
		{E3C7DEEE-CA53-4763-B413-E493621568EA}.Debug|x64.ActiveCfg = Debug|Any CPU
		{E3C7DEEE-CA53-4763-B413-E493621568EA}.Debug|x64.Build.0 = Debug|Any CPU
		{E3C7DEEE-CA53-4763-B413-E493621568EA}.Debug|x86.ActiveCfg = Debug|Any CPU
		{E3C7DEEE-CA53-4763-B413-E493621568EA}.Debug|x86.Build.0 = Debug|Any CPU
		{E3C7DEEE-CA53-4763-B413-E493621568EA}.Release|Any CPU.ActiveCfg = Release|Any CPU
		{E3C7DEEE-CA53-4763-B413-E493621568EA}.Release|Any CPU.Build.0 = Release|Any CPU
		{E3C7DEEE-CA53-4763-B413-E493621568EA}.Release|x64.ActiveCfg = Release|Any CPU
		{E3C7DEEE-CA53-4763-B413-E493621568EA}.Release|x64.Build.0 = Release|Any CPU
		{E3C7DEEE-CA53-4763-B413-E493621568EA}.Release|x86.ActiveCfg = Release|Any CPU
		{E3C7DEEE-CA53-4763-B413-E493621568EA}.Release|x86.Build.0 = Release|Any CPU
		{5996C9B1-6ED9-4A34-9EB9-E619AC1A5FD0}.Debug|Any CPU.ActiveCfg = Debug|Any CPU
		{5996C9B1-6ED9-4A34-9EB9-E619AC1A5FD0}.Debug|Any CPU.Build.0 = Debug|Any CPU
		{5996C9B1-6ED9-4A34-9EB9-E619AC1A5FD0}.Debug|x64.ActiveCfg = Debug|Any CPU
		{5996C9B1-6ED9-4A34-9EB9-E619AC1A5FD0}.Debug|x64.Build.0 = Debug|Any CPU
		{5996C9B1-6ED9-4A34-9EB9-E619AC1A5FD0}.Debug|x86.ActiveCfg = Debug|Any CPU
		{5996C9B1-6ED9-4A34-9EB9-E619AC1A5FD0}.Debug|x86.Build.0 = Debug|Any CPU
		{5996C9B1-6ED9-4A34-9EB9-E619AC1A5FD0}.Release|Any CPU.ActiveCfg = Release|Any CPU
		{5996C9B1-6ED9-4A34-9EB9-E619AC1A5FD0}.Release|Any CPU.Build.0 = Release|Any CPU
		{5996C9B1-6ED9-4A34-9EB9-E619AC1A5FD0}.Release|x64.ActiveCfg = Release|Any CPU
		{5996C9B1-6ED9-4A34-9EB9-E619AC1A5FD0}.Release|x64.Build.0 = Release|Any CPU
		{5996C9B1-6ED9-4A34-9EB9-E619AC1A5FD0}.Release|x86.ActiveCfg = Release|Any CPU
		{5996C9B1-6ED9-4A34-9EB9-E619AC1A5FD0}.Release|x86.Build.0 = Release|Any CPU
		{35C2F029-B0F5-49AC-ABF6-92F8FD83B6BE}.Debug|Any CPU.ActiveCfg = Debug|Any CPU
		{35C2F029-B0F5-49AC-ABF6-92F8FD83B6BE}.Debug|Any CPU.Build.0 = Debug|Any CPU
		{35C2F029-B0F5-49AC-ABF6-92F8FD83B6BE}.Debug|x64.ActiveCfg = Debug|Any CPU
		{35C2F029-B0F5-49AC-ABF6-92F8FD83B6BE}.Debug|x64.Build.0 = Debug|Any CPU
		{35C2F029-B0F5-49AC-ABF6-92F8FD83B6BE}.Debug|x86.ActiveCfg = Debug|Any CPU
		{35C2F029-B0F5-49AC-ABF6-92F8FD83B6BE}.Debug|x86.Build.0 = Debug|Any CPU
		{35C2F029-B0F5-49AC-ABF6-92F8FD83B6BE}.Release|Any CPU.ActiveCfg = Release|Any CPU
		{35C2F029-B0F5-49AC-ABF6-92F8FD83B6BE}.Release|Any CPU.Build.0 = Release|Any CPU
		{35C2F029-B0F5-49AC-ABF6-92F8FD83B6BE}.Release|x64.ActiveCfg = Release|Any CPU
		{35C2F029-B0F5-49AC-ABF6-92F8FD83B6BE}.Release|x64.Build.0 = Release|Any CPU
		{35C2F029-B0F5-49AC-ABF6-92F8FD83B6BE}.Release|x86.ActiveCfg = Release|Any CPU
		{35C2F029-B0F5-49AC-ABF6-92F8FD83B6BE}.Release|x86.Build.0 = Release|Any CPU
		{B6E841A7-24A4-4483-A230-93B436B4849B}.Debug|Any CPU.ActiveCfg = Debug|Any CPU
		{B6E841A7-24A4-4483-A230-93B436B4849B}.Debug|Any CPU.Build.0 = Debug|Any CPU
		{B6E841A7-24A4-4483-A230-93B436B4849B}.Debug|x64.ActiveCfg = Debug|Any CPU
		{B6E841A7-24A4-4483-A230-93B436B4849B}.Debug|x64.Build.0 = Debug|Any CPU
		{B6E841A7-24A4-4483-A230-93B436B4849B}.Debug|x86.ActiveCfg = Debug|Any CPU
		{B6E841A7-24A4-4483-A230-93B436B4849B}.Debug|x86.Build.0 = Debug|Any CPU
		{B6E841A7-24A4-4483-A230-93B436B4849B}.Release|Any CPU.ActiveCfg = Release|Any CPU
		{B6E841A7-24A4-4483-A230-93B436B4849B}.Release|Any CPU.Build.0 = Release|Any CPU
		{B6E841A7-24A4-4483-A230-93B436B4849B}.Release|x64.ActiveCfg = Release|Any CPU
		{B6E841A7-24A4-4483-A230-93B436B4849B}.Release|x64.Build.0 = Release|Any CPU
		{B6E841A7-24A4-4483-A230-93B436B4849B}.Release|x86.ActiveCfg = Release|Any CPU
		{B6E841A7-24A4-4483-A230-93B436B4849B}.Release|x86.Build.0 = Release|Any CPU
		{2DC6C0EE-2F5B-4116-864A-CDB84B06D82A}.Debug|Any CPU.ActiveCfg = Debug|Any CPU
		{2DC6C0EE-2F5B-4116-864A-CDB84B06D82A}.Debug|Any CPU.Build.0 = Debug|Any CPU
		{2DC6C0EE-2F5B-4116-864A-CDB84B06D82A}.Debug|x64.ActiveCfg = Debug|Any CPU
		{2DC6C0EE-2F5B-4116-864A-CDB84B06D82A}.Debug|x64.Build.0 = Debug|Any CPU
		{2DC6C0EE-2F5B-4116-864A-CDB84B06D82A}.Debug|x86.ActiveCfg = Debug|Any CPU
		{2DC6C0EE-2F5B-4116-864A-CDB84B06D82A}.Debug|x86.Build.0 = Debug|Any CPU
		{2DC6C0EE-2F5B-4116-864A-CDB84B06D82A}.Release|Any CPU.ActiveCfg = Release|Any CPU
		{2DC6C0EE-2F5B-4116-864A-CDB84B06D82A}.Release|Any CPU.Build.0 = Release|Any CPU
		{2DC6C0EE-2F5B-4116-864A-CDB84B06D82A}.Release|x64.ActiveCfg = Release|Any CPU
		{2DC6C0EE-2F5B-4116-864A-CDB84B06D82A}.Release|x64.Build.0 = Release|Any CPU
		{2DC6C0EE-2F5B-4116-864A-CDB84B06D82A}.Release|x86.ActiveCfg = Release|Any CPU
		{2DC6C0EE-2F5B-4116-864A-CDB84B06D82A}.Release|x86.Build.0 = Release|Any CPU
		{4090647C-F43C-4AF4-9F49-F6A0B1A42EC1}.Debug|Any CPU.ActiveCfg = Debug|Any CPU
		{4090647C-F43C-4AF4-9F49-F6A0B1A42EC1}.Debug|Any CPU.Build.0 = Debug|Any CPU
		{4090647C-F43C-4AF4-9F49-F6A0B1A42EC1}.Debug|x64.ActiveCfg = Debug|Any CPU
		{4090647C-F43C-4AF4-9F49-F6A0B1A42EC1}.Debug|x64.Build.0 = Debug|Any CPU
		{4090647C-F43C-4AF4-9F49-F6A0B1A42EC1}.Debug|x86.ActiveCfg = Debug|Any CPU
		{4090647C-F43C-4AF4-9F49-F6A0B1A42EC1}.Debug|x86.Build.0 = Debug|Any CPU
		{4090647C-F43C-4AF4-9F49-F6A0B1A42EC1}.Release|Any CPU.ActiveCfg = Release|Any CPU
		{4090647C-F43C-4AF4-9F49-F6A0B1A42EC1}.Release|Any CPU.Build.0 = Release|Any CPU
		{4090647C-F43C-4AF4-9F49-F6A0B1A42EC1}.Release|x64.ActiveCfg = Release|Any CPU
		{4090647C-F43C-4AF4-9F49-F6A0B1A42EC1}.Release|x64.Build.0 = Release|Any CPU
		{4090647C-F43C-4AF4-9F49-F6A0B1A42EC1}.Release|x86.ActiveCfg = Release|Any CPU
		{4090647C-F43C-4AF4-9F49-F6A0B1A42EC1}.Release|x86.Build.0 = Release|Any CPU
		{F6779106-652A-493C-8C57-D3BB249D0297}.Debug|Any CPU.ActiveCfg = Debug|Any CPU
		{F6779106-652A-493C-8C57-D3BB249D0297}.Debug|Any CPU.Build.0 = Debug|Any CPU
		{F6779106-652A-493C-8C57-D3BB249D0297}.Debug|x64.ActiveCfg = Debug|Any CPU
		{F6779106-652A-493C-8C57-D3BB249D0297}.Debug|x64.Build.0 = Debug|Any CPU
		{F6779106-652A-493C-8C57-D3BB249D0297}.Debug|x86.ActiveCfg = Debug|Any CPU
		{F6779106-652A-493C-8C57-D3BB249D0297}.Debug|x86.Build.0 = Debug|Any CPU
		{F6779106-652A-493C-8C57-D3BB249D0297}.Release|Any CPU.ActiveCfg = Release|Any CPU
		{F6779106-652A-493C-8C57-D3BB249D0297}.Release|Any CPU.Build.0 = Release|Any CPU
		{F6779106-652A-493C-8C57-D3BB249D0297}.Release|x64.ActiveCfg = Release|Any CPU
		{F6779106-652A-493C-8C57-D3BB249D0297}.Release|x64.Build.0 = Release|Any CPU
		{F6779106-652A-493C-8C57-D3BB249D0297}.Release|x86.ActiveCfg = Release|Any CPU
		{F6779106-652A-493C-8C57-D3BB249D0297}.Release|x86.Build.0 = Release|Any CPU
		{BE2910C1-B5B7-484D-91DB-66616B8575B1}.Debug|Any CPU.ActiveCfg = Debug|Any CPU
		{BE2910C1-B5B7-484D-91DB-66616B8575B1}.Debug|Any CPU.Build.0 = Debug|Any CPU
		{BE2910C1-B5B7-484D-91DB-66616B8575B1}.Debug|x64.ActiveCfg = Debug|Any CPU
		{BE2910C1-B5B7-484D-91DB-66616B8575B1}.Debug|x64.Build.0 = Debug|Any CPU
		{BE2910C1-B5B7-484D-91DB-66616B8575B1}.Debug|x86.ActiveCfg = Debug|Any CPU
		{BE2910C1-B5B7-484D-91DB-66616B8575B1}.Debug|x86.Build.0 = Debug|Any CPU
		{BE2910C1-B5B7-484D-91DB-66616B8575B1}.Release|Any CPU.ActiveCfg = Release|Any CPU
		{BE2910C1-B5B7-484D-91DB-66616B8575B1}.Release|Any CPU.Build.0 = Release|Any CPU
		{BE2910C1-B5B7-484D-91DB-66616B8575B1}.Release|x64.ActiveCfg = Release|Any CPU
		{BE2910C1-B5B7-484D-91DB-66616B8575B1}.Release|x64.Build.0 = Release|Any CPU
		{BE2910C1-B5B7-484D-91DB-66616B8575B1}.Release|x86.ActiveCfg = Release|Any CPU
		{BE2910C1-B5B7-484D-91DB-66616B8575B1}.Release|x86.Build.0 = Release|Any CPU
		{C98F4396-2C1F-43EC-A54A-39F9A991E0DC}.Debug|Any CPU.ActiveCfg = Debug|Any CPU
		{C98F4396-2C1F-43EC-A54A-39F9A991E0DC}.Debug|Any CPU.Build.0 = Debug|Any CPU
		{C98F4396-2C1F-43EC-A54A-39F9A991E0DC}.Debug|x64.ActiveCfg = Debug|Any CPU
		{C98F4396-2C1F-43EC-A54A-39F9A991E0DC}.Debug|x64.Build.0 = Debug|Any CPU
		{C98F4396-2C1F-43EC-A54A-39F9A991E0DC}.Debug|x86.ActiveCfg = Debug|Any CPU
		{C98F4396-2C1F-43EC-A54A-39F9A991E0DC}.Debug|x86.Build.0 = Debug|Any CPU
		{C98F4396-2C1F-43EC-A54A-39F9A991E0DC}.Release|Any CPU.ActiveCfg = Release|Any CPU
		{C98F4396-2C1F-43EC-A54A-39F9A991E0DC}.Release|Any CPU.Build.0 = Release|Any CPU
		{C98F4396-2C1F-43EC-A54A-39F9A991E0DC}.Release|x64.ActiveCfg = Release|Any CPU
		{C98F4396-2C1F-43EC-A54A-39F9A991E0DC}.Release|x64.Build.0 = Release|Any CPU
		{C98F4396-2C1F-43EC-A54A-39F9A991E0DC}.Release|x86.ActiveCfg = Release|Any CPU
		{C98F4396-2C1F-43EC-A54A-39F9A991E0DC}.Release|x86.Build.0 = Release|Any CPU
		{73DF8383-AAD7-4980-997D-6917CF122FB1}.Debug|Any CPU.ActiveCfg = Debug|Any CPU
		{73DF8383-AAD7-4980-997D-6917CF122FB1}.Debug|Any CPU.Build.0 = Debug|Any CPU
		{73DF8383-AAD7-4980-997D-6917CF122FB1}.Debug|x64.ActiveCfg = Debug|Any CPU
		{73DF8383-AAD7-4980-997D-6917CF122FB1}.Debug|x64.Build.0 = Debug|Any CPU
		{73DF8383-AAD7-4980-997D-6917CF122FB1}.Debug|x86.ActiveCfg = Debug|Any CPU
		{73DF8383-AAD7-4980-997D-6917CF122FB1}.Debug|x86.Build.0 = Debug|Any CPU
		{73DF8383-AAD7-4980-997D-6917CF122FB1}.Release|Any CPU.ActiveCfg = Release|Any CPU
		{73DF8383-AAD7-4980-997D-6917CF122FB1}.Release|Any CPU.Build.0 = Release|Any CPU
		{73DF8383-AAD7-4980-997D-6917CF122FB1}.Release|x64.ActiveCfg = Release|Any CPU
		{73DF8383-AAD7-4980-997D-6917CF122FB1}.Release|x64.Build.0 = Release|Any CPU
		{73DF8383-AAD7-4980-997D-6917CF122FB1}.Release|x86.ActiveCfg = Release|Any CPU
		{73DF8383-AAD7-4980-997D-6917CF122FB1}.Release|x86.Build.0 = Release|Any CPU
		{40FE5EF8-7447-461B-82AB-DD6FE715EF05}.Debug|Any CPU.ActiveCfg = Debug|Any CPU
		{40FE5EF8-7447-461B-82AB-DD6FE715EF05}.Debug|Any CPU.Build.0 = Debug|Any CPU
		{40FE5EF8-7447-461B-82AB-DD6FE715EF05}.Debug|x64.ActiveCfg = Debug|Any CPU
		{40FE5EF8-7447-461B-82AB-DD6FE715EF05}.Debug|x64.Build.0 = Debug|Any CPU
		{40FE5EF8-7447-461B-82AB-DD6FE715EF05}.Debug|x86.ActiveCfg = Debug|Any CPU
		{40FE5EF8-7447-461B-82AB-DD6FE715EF05}.Debug|x86.Build.0 = Debug|Any CPU
		{40FE5EF8-7447-461B-82AB-DD6FE715EF05}.Release|Any CPU.ActiveCfg = Release|Any CPU
		{40FE5EF8-7447-461B-82AB-DD6FE715EF05}.Release|Any CPU.Build.0 = Release|Any CPU
		{40FE5EF8-7447-461B-82AB-DD6FE715EF05}.Release|x64.ActiveCfg = Release|Any CPU
		{40FE5EF8-7447-461B-82AB-DD6FE715EF05}.Release|x64.Build.0 = Release|Any CPU
		{40FE5EF8-7447-461B-82AB-DD6FE715EF05}.Release|x86.ActiveCfg = Release|Any CPU
		{40FE5EF8-7447-461B-82AB-DD6FE715EF05}.Release|x86.Build.0 = Release|Any CPU
		{A07881E6-3A40-4CD5-A1EA-11DB1BBE3097}.Debug|Any CPU.ActiveCfg = Debug|Any CPU
		{A07881E6-3A40-4CD5-A1EA-11DB1BBE3097}.Debug|Any CPU.Build.0 = Debug|Any CPU
		{A07881E6-3A40-4CD5-A1EA-11DB1BBE3097}.Debug|x64.ActiveCfg = Debug|Any CPU
		{A07881E6-3A40-4CD5-A1EA-11DB1BBE3097}.Debug|x64.Build.0 = Debug|Any CPU
		{A07881E6-3A40-4CD5-A1EA-11DB1BBE3097}.Debug|x86.ActiveCfg = Debug|Any CPU
		{A07881E6-3A40-4CD5-A1EA-11DB1BBE3097}.Debug|x86.Build.0 = Debug|Any CPU
		{A07881E6-3A40-4CD5-A1EA-11DB1BBE3097}.Release|Any CPU.ActiveCfg = Release|Any CPU
		{A07881E6-3A40-4CD5-A1EA-11DB1BBE3097}.Release|Any CPU.Build.0 = Release|Any CPU
		{A07881E6-3A40-4CD5-A1EA-11DB1BBE3097}.Release|x64.ActiveCfg = Release|Any CPU
		{A07881E6-3A40-4CD5-A1EA-11DB1BBE3097}.Release|x64.Build.0 = Release|Any CPU
		{A07881E6-3A40-4CD5-A1EA-11DB1BBE3097}.Release|x86.ActiveCfg = Release|Any CPU
		{A07881E6-3A40-4CD5-A1EA-11DB1BBE3097}.Release|x86.Build.0 = Release|Any CPU
		{81AC83B3-6FB7-413B-843D-8A9D2A2A2FFC}.Debug|Any CPU.ActiveCfg = Debug|Any CPU
		{81AC83B3-6FB7-413B-843D-8A9D2A2A2FFC}.Debug|Any CPU.Build.0 = Debug|Any CPU
		{81AC83B3-6FB7-413B-843D-8A9D2A2A2FFC}.Debug|x64.ActiveCfg = Debug|Any CPU
		{81AC83B3-6FB7-413B-843D-8A9D2A2A2FFC}.Debug|x64.Build.0 = Debug|Any CPU
		{81AC83B3-6FB7-413B-843D-8A9D2A2A2FFC}.Debug|x86.ActiveCfg = Debug|Any CPU
		{81AC83B3-6FB7-413B-843D-8A9D2A2A2FFC}.Debug|x86.Build.0 = Debug|Any CPU
		{81AC83B3-6FB7-413B-843D-8A9D2A2A2FFC}.Release|Any CPU.ActiveCfg = Release|Any CPU
		{81AC83B3-6FB7-413B-843D-8A9D2A2A2FFC}.Release|Any CPU.Build.0 = Release|Any CPU
		{81AC83B3-6FB7-413B-843D-8A9D2A2A2FFC}.Release|x64.ActiveCfg = Release|Any CPU
		{81AC83B3-6FB7-413B-843D-8A9D2A2A2FFC}.Release|x64.Build.0 = Release|Any CPU
		{81AC83B3-6FB7-413B-843D-8A9D2A2A2FFC}.Release|x86.ActiveCfg = Release|Any CPU
		{81AC83B3-6FB7-413B-843D-8A9D2A2A2FFC}.Release|x86.Build.0 = Release|Any CPU
		{AE65A948-E63F-401A-BB75-5E08700601BB}.Debug|Any CPU.ActiveCfg = Debug|Any CPU
		{AE65A948-E63F-401A-BB75-5E08700601BB}.Debug|Any CPU.Build.0 = Debug|Any CPU
		{AE65A948-E63F-401A-BB75-5E08700601BB}.Debug|x64.ActiveCfg = Debug|Any CPU
		{AE65A948-E63F-401A-BB75-5E08700601BB}.Debug|x64.Build.0 = Debug|Any CPU
		{AE65A948-E63F-401A-BB75-5E08700601BB}.Debug|x86.ActiveCfg = Debug|Any CPU
		{AE65A948-E63F-401A-BB75-5E08700601BB}.Debug|x86.Build.0 = Debug|Any CPU
		{AE65A948-E63F-401A-BB75-5E08700601BB}.Release|Any CPU.ActiveCfg = Release|Any CPU
		{AE65A948-E63F-401A-BB75-5E08700601BB}.Release|Any CPU.Build.0 = Release|Any CPU
		{AE65A948-E63F-401A-BB75-5E08700601BB}.Release|x64.ActiveCfg = Release|Any CPU
		{AE65A948-E63F-401A-BB75-5E08700601BB}.Release|x64.Build.0 = Release|Any CPU
		{AE65A948-E63F-401A-BB75-5E08700601BB}.Release|x86.ActiveCfg = Release|Any CPU
		{AE65A948-E63F-401A-BB75-5E08700601BB}.Release|x86.Build.0 = Release|Any CPU
		{4179D057-34C9-4DF7-806C-5C787CB84DFC}.Debug|Any CPU.ActiveCfg = Debug|Any CPU
		{4179D057-34C9-4DF7-806C-5C787CB84DFC}.Debug|Any CPU.Build.0 = Debug|Any CPU
		{4179D057-34C9-4DF7-806C-5C787CB84DFC}.Debug|x64.ActiveCfg = Debug|Any CPU
		{4179D057-34C9-4DF7-806C-5C787CB84DFC}.Debug|x64.Build.0 = Debug|Any CPU
		{4179D057-34C9-4DF7-806C-5C787CB84DFC}.Debug|x86.ActiveCfg = Debug|Any CPU
		{4179D057-34C9-4DF7-806C-5C787CB84DFC}.Debug|x86.Build.0 = Debug|Any CPU
		{4179D057-34C9-4DF7-806C-5C787CB84DFC}.Release|Any CPU.ActiveCfg = Release|Any CPU
		{4179D057-34C9-4DF7-806C-5C787CB84DFC}.Release|Any CPU.Build.0 = Release|Any CPU
		{4179D057-34C9-4DF7-806C-5C787CB84DFC}.Release|x64.ActiveCfg = Release|Any CPU
		{4179D057-34C9-4DF7-806C-5C787CB84DFC}.Release|x64.Build.0 = Release|Any CPU
		{4179D057-34C9-4DF7-806C-5C787CB84DFC}.Release|x86.ActiveCfg = Release|Any CPU
		{4179D057-34C9-4DF7-806C-5C787CB84DFC}.Release|x86.Build.0 = Release|Any CPU
		{59DD9E92-9EDC-428F-88B0-2966356A279C}.Debug|Any CPU.ActiveCfg = Debug|Any CPU
		{59DD9E92-9EDC-428F-88B0-2966356A279C}.Debug|Any CPU.Build.0 = Debug|Any CPU
		{59DD9E92-9EDC-428F-88B0-2966356A279C}.Debug|x64.ActiveCfg = Debug|Any CPU
		{59DD9E92-9EDC-428F-88B0-2966356A279C}.Debug|x64.Build.0 = Debug|Any CPU
		{59DD9E92-9EDC-428F-88B0-2966356A279C}.Debug|x86.ActiveCfg = Debug|Any CPU
		{59DD9E92-9EDC-428F-88B0-2966356A279C}.Debug|x86.Build.0 = Debug|Any CPU
		{59DD9E92-9EDC-428F-88B0-2966356A279C}.Release|Any CPU.ActiveCfg = Release|Any CPU
		{59DD9E92-9EDC-428F-88B0-2966356A279C}.Release|Any CPU.Build.0 = Release|Any CPU
		{59DD9E92-9EDC-428F-88B0-2966356A279C}.Release|x64.ActiveCfg = Release|Any CPU
		{59DD9E92-9EDC-428F-88B0-2966356A279C}.Release|x64.Build.0 = Release|Any CPU
		{59DD9E92-9EDC-428F-88B0-2966356A279C}.Release|x86.ActiveCfg = Release|Any CPU
		{59DD9E92-9EDC-428F-88B0-2966356A279C}.Release|x86.Build.0 = Release|Any CPU
	EndGlobalSection
	GlobalSection(SolutionProperties) = preSolution
		HideSolutionNode = FALSE
	EndGlobalSection
	GlobalSection(NestedProjects) = preSolution
		{4900E08B-75EB-40BB-B067-AB1B3A9A103C} = {6797F442-05C7-4036-BDDB-26A1ED554E0E}
		{E65A1BC0-A036-4126-B3AF-3E7C5185A524} = {6797F442-05C7-4036-BDDB-26A1ED554E0E}
		{A35BD279-ECFD-4064-BD11-9495672A180E} = {6797F442-05C7-4036-BDDB-26A1ED554E0E}
		{A59F76DA-FA7B-4A6D-859F-EA9185340175} = {6797F442-05C7-4036-BDDB-26A1ED554E0E}
		{21753D80-AB0F-4F71-BEEC-59FE0334B8CB} = {6797F442-05C7-4036-BDDB-26A1ED554E0E}
		{40A9BE25-AFB3-450C-A57E-C48720285695} = {6797F442-05C7-4036-BDDB-26A1ED554E0E}
		{40FE5EF8-7447-461B-82AB-DD6FE715EF05} = {6797F442-05C7-4036-BDDB-26A1ED554E0E}
	EndGlobalSection
	GlobalSection(ExtensibilityGlobals) = postSolution
		SolutionGuid = {9CF01622-5C5A-4B1A-A474-96B35B04529F}
	EndGlobalSection
EndGlobal
